<?xml version="1.0" encoding="utf-8"?>
<Project ToolsVersion="4.0" xmlns="http://schemas.microsoft.com/developer/msbuild/2003">
  <ItemGroup>
    <Filter Include="Core">
      <UniqueIdentifier>{2EB4837C-1AEB-840D-C3D7-6A10AFED000F}</UniqueIdentifier>
    </Filter>
  </ItemGroup>
  <ItemGroup>
    <ClInclude Include="src\Core\Application.h">
      <Filter>Core</Filter>
    </ClInclude>
    <ClInclude Include="src\Core\EntryPoint.h">
      <Filter>Core</Filter>
    </ClInclude>
    <ClInclude Include="src\Keyboard.h" />
    <ClInclude Include="src\Mouse.h" />
    <ClInclude Include="src\Window.h" />
    <ClInclude Include="src\Wraith.h" />
    <ClInclude Include="src\WraithException.h" />
    <ClInclude Include="src\WraithWin.h" />
    <ClInclude Include="src\wrpch.h" />
  </ItemGroup>
  <ItemGroup>
    <ClCompile Include="src\Core\Application.cpp">
      <Filter>Core</Filter>
    </ClCompile>
    <ClCompile Include="src\Keyboard.cpp" />
    <ClCompile Include="src\Mouse.cpp" />
    <ClCompile Include="src\WinMain.cpp" />
    <ClCompile Include="src\Window.cpp" />
    <ClCompile Include="src\WraithException.cpp" />
    <ClCompile Include="src\wrpch.cpp" />
  </ItemGroup>
</Project>